// !$*UTF8*$!
{
	archiveVersion = 1;
	classes = {
	};
	objectVersion = 50;
	objects = {

/* Begin PBXBuildFile section */
		AC265F6A221C7A3400007DB7 /* AppDelegate.swift in Sources */ = {isa = PBXBuildFile; fileRef = AC265F69221C7A3400007DB7 /* AppDelegate.swift */; };
		AC265F6C221C7A3400007DB7 /* FoodViewController.swift in Sources */ = {isa = PBXBuildFile; fileRef = AC265F6B221C7A3400007DB7 /* FoodViewController.swift */; };
		AC265F6F221C7A3400007DB7 /* Main.storyboard in Resources */ = {isa = PBXBuildFile; fileRef = AC265F6D221C7A3400007DB7 /* Main.storyboard */; };
		AC265F71221C7A3600007DB7 /* Assets.xcassets in Resources */ = {isa = PBXBuildFile; fileRef = AC265F70221C7A3600007DB7 /* Assets.xcassets */; };
		AC265F74221C7A3600007DB7 /* LaunchScreen.storyboard in Resources */ = {isa = PBXBuildFile; fileRef = AC265F72221C7A3600007DB7 /* LaunchScreen.storyboard */; };
		AC265F7C221C7C8E00007DB7 /* GalleryCollectionView.swift in Sources */ = {isa = PBXBuildFile; fileRef = AC265F7B221C7C8E00007DB7 /* GalleryCollectionView.swift */; };
		AC265F7E221C7CBB00007DB7 /* SushiModel.swift in Sources */ = {isa = PBXBuildFile; fileRef = AC265F7D221C7CBB00007DB7 /* SushiModel.swift */; };
		AC265F80221C7EA300007DB7 /* GalleryCollectionViewCell.swift in Sources */ = {isa = PBXBuildFile; fileRef = AC265F7F221C7EA300007DB7 /* GalleryCollectionViewCell.swift */; };
		ACAED545222BAFE900F5422D /* MenuViewController.swift in Sources */ = {isa = PBXBuildFile; fileRef = ACAED544222BAFE900F5422D /* MenuViewController.swift */; };
		ACAED547222BAFF700F5422D /* ContainerViewController.swift in Sources */ = {isa = PBXBuildFile; fileRef = ACAED546222BAFF700F5422D /* ContainerViewController.swift */; };
		ACAED54C222BBB1800F5422D /* MenuTableViewCell.swift in Sources */ = {isa = PBXBuildFile; fileRef = ACAED54B222BBB1800F5422D /* MenuTableViewCell.swift */; };
		ACAED54E222BC31E00F5422D /* MenuModel.swift in Sources */ = {isa = PBXBuildFile; fileRef = ACAED54D222BC31E00F5422D /* MenuModel.swift */; };
/* End PBXBuildFile section */

/* Begin PBXFileReference section */
		AC265F66221C7A3400007DB7 /* UICollectionView.app */ = {isa = PBXFileReference; explicitFileType = wrapper.application; includeInIndex = 0; path = UICollectionView.app; sourceTree = BUILT_PRODUCTS_DIR; };
		AC265F69221C7A3400007DB7 /* AppDelegate.swift */ = {isa = PBXFileReference; lastKnownFileType = sourcecode.swift; path = AppDelegate.swift; sourceTree = "<group>"; };
		AC265F6B221C7A3400007DB7 /* FoodViewController.swift */ = {isa = PBXFileReference; lastKnownFileType = sourcecode.swift; path = FoodViewController.swift; sourceTree = "<group>"; };
		AC265F6E221C7A3400007DB7 /* Base */ = {isa = PBXFileReference; lastKnownFileType = file.storyboard; name = Base; path = Base.lproj/Main.storyboard; sourceTree = "<group>"; };
		AC265F70221C7A3600007DB7 /* Assets.xcassets */ = {isa = PBXFileReference; lastKnownFileType = folder.assetcatalog; path = Assets.xcassets; sourceTree = "<group>"; };
		AC265F73221C7A3600007DB7 /* Base */ = {isa = PBXFileReference; lastKnownFileType = file.storyboard; name = Base; path = Base.lproj/LaunchScreen.storyboard; sourceTree = "<group>"; };
		AC265F75221C7A3600007DB7 /* Info.plist */ = {isa = PBXFileReference; lastKnownFileType = text.plist.xml; path = Info.plist; sourceTree = "<group>"; };
		AC265F7B221C7C8E00007DB7 /* GalleryCollectionView.swift */ = {isa = PBXFileReference; lastKnownFileType = sourcecode.swift; path = GalleryCollectionView.swift; sourceTree = "<group>"; };
		AC265F7D221C7CBB00007DB7 /* SushiModel.swift */ = {isa = PBXFileReference; lastKnownFileType = sourcecode.swift; path = SushiModel.swift; sourceTree = "<group>"; };
		AC265F7F221C7EA300007DB7 /* GalleryCollectionViewCell.swift */ = {isa = PBXFileReference; lastKnownFileType = sourcecode.swift; path = GalleryCollectionViewCell.swift; sourceTree = "<group>"; };
		ACAED544222BAFE900F5422D /* MenuViewController.swift */ = {isa = PBXFileReference; lastKnownFileType = sourcecode.swift; path = MenuViewController.swift; sourceTree = "<group>"; };
		ACAED546222BAFF700F5422D /* ContainerViewController.swift */ = {isa = PBXFileReference; lastKnownFileType = sourcecode.swift; path = ContainerViewController.swift; sourceTree = "<group>"; };
		ACAED54B222BBB1800F5422D /* MenuTableViewCell.swift */ = {isa = PBXFileReference; lastKnownFileType = sourcecode.swift; name = MenuTableViewCell.swift; path = UICollectionView/View/MenuTableViewCell.swift; sourceTree = SOURCE_ROOT; };
		ACAED54D222BC31E00F5422D /* MenuModel.swift */ = {isa = PBXFileReference; lastKnownFileType = sourcecode.swift; path = MenuModel.swift; sourceTree = "<group>"; };
/* End PBXFileReference section */

/* Begin PBXFrameworksBuildPhase section */
		AC265F63221C7A3400007DB7 /* Frameworks */ = {
			isa = PBXFrameworksBuildPhase;
			buildActionMask = 2147483647;
			files = (
			);
			runOnlyForDeploymentPostprocessing = 0;
		};
/* End PBXFrameworksBuildPhase section */

/* Begin PBXGroup section */
		AC265F5D221C7A3400007DB7 = {
			isa = PBXGroup;
			children = (
				AC265F68221C7A3400007DB7 /* UICollectionView */,
				AC265F67221C7A3400007DB7 /* Products */,
			);
			sourceTree = "<group>";
		};
		AC265F67221C7A3400007DB7 /* Products */ = {
			isa = PBXGroup;
			children = (
				AC265F66221C7A3400007DB7 /* UICollectionView.app */,
			);
			name = Products;
			sourceTree = "<group>";
		};
		AC265F68221C7A3400007DB7 /* UICollectionView */ = {
			isa = PBXGroup;
			children = (
				AC265F69221C7A3400007DB7 /* AppDelegate.swift */,
				ACAED548222BB03E00F5422D /* Controllers */,
				ACAED54A222BB04E00F5422D /* View */,
				ACAED549222BB04800F5422D /* Model */,
				AC265F6D221C7A3400007DB7 /* Main.storyboard */,
				AC265F70221C7A3600007DB7 /* Assets.xcassets */,
				AC265F72221C7A3600007DB7 /* LaunchScreen.storyboard */,
				AC265F75221C7A3600007DB7 /* Info.plist */,
			);
			path = UICollectionView;
			sourceTree = "<group>";
		};
		ACAED548222BB03E00F5422D /* Controllers */ = {
			isa = PBXGroup;
			children = (
				ACAED546222BAFF700F5422D /* ContainerViewController.swift */,
				AC265F7B221C7C8E00007DB7 /* GalleryCollectionView.swift */,
				AC265F6B221C7A3400007DB7 /* FoodViewController.swift */,
				ACAED544222BAFE900F5422D /* MenuViewController.swift */,
			);
			path = Controllers;
			sourceTree = "<group>";
		};
		ACAED549222BB04800F5422D /* Model */ = {
			isa = PBXGroup;
			children = (
				AC265F7D221C7CBB00007DB7 /* SushiModel.swift */,
				ACAED54D222BC31E00F5422D /* MenuModel.swift */,
			);
			path = Model;
			sourceTree = "<group>";
		};
		ACAED54A222BB04E00F5422D /* View */ = {
			isa = PBXGroup;
			children = (
				AC265F7F221C7EA300007DB7 /* GalleryCollectionViewCell.swift */,
				ACAED54B222BBB1800F5422D /* MenuTableViewCell.swift */,
			);
			path = View;
			sourceTree = "<group>";
		};
/* End PBXGroup section */

/* Begin PBXNativeTarget section */
		AC265F65221C7A3400007DB7 /* UICollectionView */ = {
			isa = PBXNativeTarget;
			buildConfigurationList = AC265F78221C7A3600007DB7 /* Build configuration list for PBXNativeTarget "UICollectionView" */;
			buildPhases = (
				AC265F62221C7A3400007DB7 /* Sources */,
				AC265F63221C7A3400007DB7 /* Frameworks */,
				AC265F64221C7A3400007DB7 /* Resources */,
			);
			buildRules = (
			);
			dependencies = (
			);
			name = UICollectionView;
			productName = UICollectionView;
			productReference = AC265F66221C7A3400007DB7 /* UICollectionView.app */;
			productType = "com.apple.product-type.application";
		};
/* End PBXNativeTarget section */

/* Begin PBXProject section */
		AC265F5E221C7A3400007DB7 /* Project object */ = {
			isa = PBXProject;
			attributes = {
				LastSwiftUpdateCheck = 1000;
				LastUpgradeCheck = 1000;
				ORGANIZATIONNAME = "Maxim Granchenko";
				TargetAttributes = {
					AC265F65221C7A3400007DB7 = {
						CreatedOnToolsVersion = 10.0;
					};
				};
			};
			buildConfigurationList = AC265F61221C7A3400007DB7 /* Build configuration list for PBXProject "UICollectionView" */;
			compatibilityVersion = "Xcode 9.3";
			developmentRegion = en;
			hasScannedForEncodings = 0;
			knownRegions = (
				en,
				Base,
			);
			mainGroup = AC265F5D221C7A3400007DB7;
			productRefGroup = AC265F67221C7A3400007DB7 /* Products */;
			projectDirPath = "";
			projectRoot = "";
			targets = (
				AC265F65221C7A3400007DB7 /* UICollectionView */,
			);
		};
/* End PBXProject section */

/* Begin PBXResourcesBuildPhase section */
		AC265F64221C7A3400007DB7 /* Resources */ = {
			isa = PBXResourcesBuildPhase;
			buildActionMask = 2147483647;
			files = (
				AC265F74221C7A3600007DB7 /* LaunchScreen.storyboard in Resources */,
				AC265F71221C7A3600007DB7 /* Assets.xcassets in Resources */,
				AC265F6F221C7A3400007DB7 /* Main.storyboard in Resources */,
			);
			runOnlyForDeploymentPostprocessing = 0;
		};
/* End PBXResourcesBuildPhase section */

/* Begin PBXSourcesBuildPhase section */
		AC265F62221C7A3400007DB7 /* Sources */ = {
			isa = PBXSourcesBuildPhase;
			buildActionMask = 2147483647;
			files = (
				AC265F7E221C7CBB00007DB7 /* SushiModel.swift in Sources */,
				ACAED545222BAFE900F5422D /* MenuViewController.swift in Sources */,
				ACAED54E222BC31E00F5422D /* MenuModel.swift in Sources */,
				ACAED54C222BBB1800F5422D /* MenuTableViewCell.swift in Sources */,
				ACAED547222BAFF700F5422D /* ContainerViewController.swift in Sources */,
				AC265F80221C7EA300007DB7 /* GalleryCollectionViewCell.swift in Sources */,
				AC265F6C221C7A3400007DB7 /* FoodViewController.swift in Sources */,
				AC265F7C221C7C8E00007DB7 /* GalleryCollectionView.swift in Sources */,
				AC265F6A221C7A3400007DB7 /* AppDelegate.swift in Sources */,
			);
			runOnlyForDeploymentPostprocessing = 0;
		};
/* End PBXSourcesBuildPhase section */

/* Begin PBXVariantGroup section */
		AC265F6D221C7A3400007DB7 /* Main.storyboard */ = {
			isa = PBXVariantGroup;
			children = (
				AC265F6E221C7A3400007DB7 /* Base */,
			);
			name = Main.storyboard;
			sourceTree = "<group>";
		};
		AC265F72221C7A3600007DB7 /* LaunchScreen.storyboard */ = {
			isa = PBXVariantGroup;
			children = (
				AC265F73221C7A3600007DB7 /* Base */,
			);
			name = LaunchScreen.storyboard;
			sourceTree = "<group>";
		};
/* End PBXVariantGroup section */

/* Begin XCBuildConfiguration section */
		AC265F76221C7A3600007DB7 /* Debug */ = {
			isa = XCBuildConfiguration;
			buildSettings = {
				ALWAYS_SEARCH_USER_PATHS = NO;
				CLANG_ANALYZER_NONNULL = YES;
				CLANG_ANALYZER_NUMBER_OBJECT_CONVERSION = YES_AGGRESSIVE;
				CLANG_CXX_LANGUAGE_STANDARD = "gnu++14";
				CLANG_CXX_LIBRARY = "libc++";
				CLANG_ENABLE_MODULES = YES;
				CLANG_ENABLE_OBJC_ARC = YES;
				CLANG_ENABLE_OBJC_WEAK = YES;
				CLANG_WARN_BLOCK_CAPTURE_AUTORELEASING = YES;
				CLANG_WARN_BOOL_CONVERSION = YES;
				CLANG_WARN_COMMA = YES;
				CLANG_WARN_CONSTANT_CONVERSION = YES;
				CLANG_WARN_DEPRECATED_OBJC_IMPLEMENTATIONS = YES;
				CLANG_WARN_DIRECT_OBJC_ISA_USAGE = YES_ERROR;
				CLANG_WARN_DOCUMENTATION_COMMENTS = YES;
				CLANG_WARN_EMPTY_BODY = YES;
				CLANG_WARN_ENUM_CONVERSION = YES;
				CLANG_WARN_INFINITE_RECURSION = YES;
				CLANG_WARN_INT_CONVERSION = YES;
				CLANG_WARN_NON_LITERAL_NULL_CONVERSION = YES;
				CLANG_WARN_OBJC_IMPLICIT_RETAIN_SELF = YES;
				CLANG_WARN_OBJC_LITERAL_CONVERSION = YES;
				CLANG_WARN_OBJC_ROOT_CLASS = YES_ERROR;
				CLANG_WARN_RANGE_LOOP_ANALYSIS = YES;
				CLANG_WARN_STRICT_PROTOTYPES = YES;
				CLANG_WARN_SUSPICIOUS_MOVE = YES;
				CLANG_WARN_UNGUARDED_AVAILABILITY = YES_AGGRESSIVE;
				CLANG_WARN_UNREACHABLE_CODE = YES;
				CLANG_WARN__DUPLICATE_METHOD_MATCH = YES;
				CODE_SIGN_IDENTITY = "iPhone Developer";
				COPY_PHASE_STRIP = NO;
				DEBUG_INFORMATION_FORMAT = dwarf;
				ENABLE_STRICT_OBJC_MSGSEND = YES;
				ENABLE_TESTABILITY = YES;
				GCC_C_LANGUAGE_STANDARD = gnu11;
				GCC_DYNAMIC_NO_PIC = NO;
				GCC_NO_COMMON_BLOCKS = YES;
				GCC_OPTIMIZATION_LEVEL = 0;
				GCC_PREPROCESSOR_DEFINITIONS = (
					"DEBUG=1",
					"$(inherited)",
				);
				GCC_WARN_64_TO_32_BIT_CONVERSION = YES;
				GCC_WARN_ABOUT_RETURN_TYPE = YES_ERROR;
				GCC_WARN_UNDECLARED_SELECTOR = YES;
				GCC_WARN_UNINITIALIZED_AUTOS = YES_AGGRESSIVE;
				GCC_WARN_UNUSED_FUNCTION = YES;
				GCC_WARN_UNUSED_VARIABLE = YES;
				IPHONEOS_DEPLOYMENT_TARGET = 12.0;
				MTL_ENABLE_DEBUG_INFO = INCLUDE_SOURCE;
				MTL_FAST_MATH = YES;
				ONLY_ACTIVE_ARCH = YES;
				SDKROOT = iphoneos;
				SWIFT_ACTIVE_COMPILATION_CONDITIONS = DEBUG;
				SWIFT_OPTIMIZATION_LEVEL = "-Onone";
			};
			name = Debug;
		};
		AC265F77221C7A3600007DB7 /* Release */ = {
			isa = XCBuildConfiguration;
			buildSettings = {
				ALWAYS_SEARCH_USER_PATHS = NO;
				CLANG_ANALYZER_NONNULL = YES;
				CLANG_ANALYZER_NUMBER_OBJECT_CONVERSION = YES_AGGRESSIVE;
				CLANG_CXX_LANGUAGE_STANDARD = "gnu++14";
				CLANG_CXX_LIBRARY = "libc++";
				CLANG_ENABLE_MODULES = YES;
				CLANG_ENABLE_OBJC_ARC = YES;
				CLANG_ENABLE_OBJC_WEAK = YES;
				CLANG_WARN_BLOCK_CAPTURE_AUTORELEASING = YES;
				CLANG_WARN_BOOL_CONVERSION = YES;
				CLANG_WARN_COMMA = YES;
				CLANG_WARN_CONSTANT_CONVERSION = YES;
				CLANG_WARN_DEPRECATED_OBJC_IMPLEMENTATIONS = YES;
				CLANG_WARN_DIRECT_OBJC_ISA_USAGE = YES_ERROR;
				CLANG_WARN_DOCUMENTATION_COMMENTS = YES;
				CLANG_WARN_EMPTY_BODY = YES;
				CLANG_WARN_ENUM_CONVERSION = YES;
				CLANG_WARN_INFINITE_RECURSION = YES;
				CLANG_WARN_INT_CONVERSION = YES;
				CLANG_WARN_NON_LITERAL_NULL_CONVERSION = YES;
				CLANG_WARN_OBJC_IMPLICIT_RETAIN_SELF = YES;
				CLANG_WARN_OBJC_LITERAL_CONVERSION = YES;
				CLANG_WARN_OBJC_ROOT_CLASS = YES_ERROR;
				CLANG_WARN_RANGE_LOOP_ANALYSIS = YES;
				CLANG_WARN_STRICT_PROTOTYPES = YES;
				CLANG_WARN_SUSPICIOUS_MOVE = YES;
				CLANG_WARN_UNGUARDED_AVAILABILITY = YES_AGGRESSIVE;
				CLANG_WARN_UNREACHABLE_CODE = YES;
				CLANG_WARN__DUPLICATE_METHOD_MATCH = YES;
				CODE_SIGN_IDENTITY = "iPhone Developer";
				COPY_PHASE_STRIP = NO;
				DEBUG_INFORMATION_FORMAT = "dwarf-with-dsym";
				ENABLE_NS_ASSERTIONS = NO;
				ENABLE_STRICT_OBJC_MSGSEND = YES;
				GCC_C_LANGUAGE_STANDARD = gnu11;
				GCC_NO_COMMON_BLOCKS = YES;
				GCC_WARN_64_TO_32_BIT_CONVERSION = YES;
				GCC_WARN_ABOUT_RETURN_TYPE = YES_ERROR;
				GCC_WARN_UNDECLARED_SELECTOR = YES;
				GCC_WARN_UNINITIALIZED_AUTOS = YES_AGGRESSIVE;
				GCC_WARN_UNUSED_FUNCTION = YES;
				GCC_WARN_UNUSED_VARIABLE = YES;
				IPHONEOS_DEPLOYMENT_TARGET = 12.0;
				MTL_ENABLE_DEBUG_INFO = NO;
				MTL_FAST_MATH = YES;
				SDKROOT = iphoneos;
				SWIFT_COMPILATION_MODE = wholemodule;
				SWIFT_OPTIMIZATION_LEVEL = "-O";
				VALIDATE_PRODUCT = YES;
			};
			name = Release;
		};
		AC265F79221C7A3600007DB7 /* Debug */ = {
			isa = XCBuildConfiguration;
			buildSettings = {
				ASSETCATALOG_COMPILER_APPICON_NAME = AppIcon;
				CODE_SIGN_STYLE = Automatic;
				DEVELOPMENT_TEAM = R4XB56HC9M;
				INFOPLIST_FILE = UICollectionView/Info.plist;
				LD_RUNPATH_SEARCH_PATHS = (
					"$(inherited)",
					"@executable_path/Frameworks",
				);
				PRODUCT_BUNDLE_IDENTIFIER = iMakca.UICollectionView;
				PRODUCT_NAME = "$(TARGET_NAME)";
				SWIFT_VERSION = 4.2;
				TARGETED_DEVICE_FAMILY = "1,2";
			};
			name = Debug;
		};
		AC265F7A221C7A3600007DB7 /* Release */ = {
			isa = XCBuildConfiguration;
			buildSettings = {
				ASSETCATALOG_COMPILER_APPICON_NAME = AppIcon;
				CODE_SIGN_STYLE = Automatic;
				DEVELOPMENT_TEAM = R4XB56HC9M;
				INFOPLIST_FILE = UICollectionView/Info.plist;
				LD_RUNPATH_SEARCH_PATHS = (
					"$(inherited)",
					"@executable_path/Frameworks",
				);
				PRODUCT_BUNDLE_IDENTIFIER = iMakca.UICollectionView;
				PRODUCT_NAME = "$(TARGET_NAME)";
				SWIFT_VERSION = 4.2;
				TARGETED_DEVICE_FAMILY = "1,2";
			};
			name = Release;
		};
/* End XCBuildConfiguration section */

/* Begin XCConfigurationList section */
		AC265F61221C7A3400007DB7 /* Build configuration list for PBXProject "UICollectionView" */ = {
			isa = XCConfigurationList;
			buildConfigurations = (
				AC265F76221C7A3600007DB7 /* Debug */,
				AC265F77221C7A3600007DB7 /* Release */,
			);
			defaultConfigurationIsVisible = 0;
			defaultConfigurationName = Release;
		};
		AC265F78221C7A3600007DB7 /* Build configuration list for PBXNativeTarget "UICollectionView" */ = {
			isa = XCConfigurationList;
			buildConfigurations = (
				AC265F79221C7A3600007DB7 /* Debug */,
				AC265F7A221C7A3600007DB7 /* Release */,
			);
			defaultConfigurationIsVisible = 0;
			defaultConfigurationName = Release;
		};
/* End XCConfigurationList section */
	};
	rootObject = AC265F5E221C7A3400007DB7 /* Project object */;
}
